
Microsoft Visual Studio Solution File, Format Version 12.00
# Visual Studio Version 17
Project("{2150E333-8FDC-42A3-9474-1A3956D46DE8}") = "CMakePredefinedTargets", "CMakePredefinedTargets", "{17D810ED-4DF6-3B78-ADFA-45C6090BF5F8}"
EndProject
Project("{2150E333-8FDC-42A3-9474-1A3956D46DE8}") = "GLFW3", "GLFW3", "{254FF7D0-29A9-3F01-A825-255CBED3158D}"
EndProject
Project("{8BC9CEB8-8B4A-11D0-8D11-00A0C91BC942}") = "ALL_BUILD", "ALL_BUILD.vcxproj", "{5602C25C-EFF0-3AFD-8E5F-234DB63C83D0}"
	ProjectSection(ProjectDependencies) = postProject
		{958D2232-9E3D-3F25-B355-8BA4D69DF722} = {958D2232-9E3D-3F25-B355-8BA4D69DF722}
		{A0C9060D-D104-3C4D-A1BD-AE352D5C8EA4} = {A0C9060D-D104-3C4D-A1BD-AE352D5C8EA4}
		{73BB2627-F6A6-3500-8425-B87AD9B98A72} = {73BB2627-F6A6-3500-8425-B87AD9B98A72}
		{CA08439B-0EC1-3E5A-A838-E5A629B0F050} = {CA08439B-0EC1-3E5A-A838-E5A629B0F050}
	EndProjectSection
EndProject
Project("{8BC9CEB8-8B4A-11D0-8D11-00A0C91BC942}") = "INSTALL", "INSTALL.vcxproj", "{965119AB-8618-33B1-A0A7-678E48C726E0}"
	ProjectSection(ProjectDependencies) = postProject
		{5602C25C-EFF0-3AFD-8E5F-234DB63C83D0} = {5602C25C-EFF0-3AFD-8E5F-234DB63C83D0}
		{958D2232-9E3D-3F25-B355-8BA4D69DF722} = {958D2232-9E3D-3F25-B355-8BA4D69DF722}
	EndProjectSection
EndProject
Project("{8BC9CEB8-8B4A-11D0-8D11-00A0C91BC942}") = "ZERO_CHECK", "ZERO_CHECK.vcxproj", "{958D2232-9E3D-3F25-B355-8BA4D69DF722}"
	ProjectSection(ProjectDependencies) = postProject
	EndProjectSection
EndProject
Project("{8BC9CEB8-8B4A-11D0-8D11-00A0C91BC942}") = "acg_in_gd_lab", "acg_in_gd_lab.vcxproj", "{A0C9060D-D104-3C4D-A1BD-AE352D5C8EA4}"
	ProjectSection(ProjectDependencies) = postProject
		{958D2232-9E3D-3F25-B355-8BA4D69DF722} = {958D2232-9E3D-3F25-B355-8BA4D69DF722}
		{73BB2627-F6A6-3500-8425-B87AD9B98A72} = {73BB2627-F6A6-3500-8425-B87AD9B98A72}
		{CA08439B-0EC1-3E5A-A838-E5A629B0F050} = {CA08439B-0EC1-3E5A-A838-E5A629B0F050}
	EndProjectSection
EndProject
Project("{8BC9CEB8-8B4A-11D0-8D11-00A0C91BC942}") = "glfw", "external\glfw\src\glfw.vcxproj", "{73BB2627-F6A6-3500-8425-B87AD9B98A72}"
	ProjectSection(ProjectDependencies) = postProject
		{958D2232-9E3D-3F25-B355-8BA4D69DF722} = {958D2232-9E3D-3F25-B355-8BA4D69DF722}
	EndProjectSection
EndProject
Project("{8BC9CEB8-8B4A-11D0-8D11-00A0C91BC942}") = "glm", "external\glm\glm\glm.vcxproj", "{CA08439B-0EC1-3E5A-A838-E5A629B0F050}"
	ProjectSection(ProjectDependencies) = postProject
		{958D2232-9E3D-3F25-B355-8BA4D69DF722} = {958D2232-9E3D-3F25-B355-8BA4D69DF722}
	EndProjectSection
EndProject
Project("{8BC9CEB8-8B4A-11D0-8D11-00A0C91BC942}") = "uninstall", "external\glfw\uninstall.vcxproj", "{069A5A1A-9237-3E59-ADA4-0E63569A3FB1}"
	ProjectSection(ProjectDependencies) = postProject
		{958D2232-9E3D-3F25-B355-8BA4D69DF722} = {958D2232-9E3D-3F25-B355-8BA4D69DF722}
	EndProjectSection
EndProject
Project("{8BC9CEB8-8B4A-11D0-8D11-00A0C91BC942}") = "update_mappings", "external\glfw\src\update_mappings.vcxproj", "{200CCA4B-3CD1-3BC8-94BE-81C41E73B92C}"
	ProjectSection(ProjectDependencies) = postProject
		{958D2232-9E3D-3F25-B355-8BA4D69DF722} = {958D2232-9E3D-3F25-B355-8BA4D69DF722}
	EndProjectSection
EndProject
Global
	GlobalSection(SolutionConfigurationPlatforms) = preSolution
		Debug|x64 = Debug|x64
		Release|x64 = Release|x64
		MinSizeRel|x64 = MinSizeRel|x64
		RelWithDebInfo|x64 = RelWithDebInfo|x64
	EndGlobalSection
	GlobalSection(ProjectConfigurationPlatforms) = postSolution
		{5602C25C-EFF0-3AFD-8E5F-234DB63C83D0}.Debug|x64.ActiveCfg = Debug|x64
		{5602C25C-EFF0-3AFD-8E5F-234DB63C83D0}.Debug|x64.Build.0 = Debug|x64
		{5602C25C-EFF0-3AFD-8E5F-234DB63C83D0}.Release|x64.ActiveCfg = Release|x64
		{5602C25C-EFF0-3AFD-8E5F-234DB63C83D0}.Release|x64.Build.0 = Release|x64
		{5602C25C-EFF0-3AFD-8E5F-234DB63C83D0}.MinSizeRel|x64.ActiveCfg = MinSizeRel|x64
		{5602C25C-EFF0-3AFD-8E5F-234DB63C83D0}.MinSizeRel|x64.Build.0 = MinSizeRel|x64
		{5602C25C-EFF0-3AFD-8E5F-234DB63C83D0}.RelWithDebInfo|x64.ActiveCfg = RelWithDebInfo|x64
		{5602C25C-EFF0-3AFD-8E5F-234DB63C83D0}.RelWithDebInfo|x64.Build.0 = RelWithDebInfo|x64
		{965119AB-8618-33B1-A0A7-678E48C726E0}.Debug|x64.ActiveCfg = Debug|x64
		{965119AB-8618-33B1-A0A7-678E48C726E0}.Release|x64.ActiveCfg = Release|x64
		{965119AB-8618-33B1-A0A7-678E48C726E0}.MinSizeRel|x64.ActiveCfg = MinSizeRel|x64
		{965119AB-8618-33B1-A0A7-678E48C726E0}.RelWithDebInfo|x64.ActiveCfg = RelWithDebInfo|x64
		{958D2232-9E3D-3F25-B355-8BA4D69DF722}.Debug|x64.ActiveCfg = Debug|x64
		{958D2232-9E3D-3F25-B355-8BA4D69DF722}.Debug|x64.Build.0 = Debug|x64
		{958D2232-9E3D-3F25-B355-8BA4D69DF722}.Release|x64.ActiveCfg = Release|x64
		{958D2232-9E3D-3F25-B355-8BA4D69DF722}.Release|x64.Build.0 = Release|x64
		{958D2232-9E3D-3F25-B355-8BA4D69DF722}.MinSizeRel|x64.ActiveCfg = MinSizeRel|x64
		{958D2232-9E3D-3F25-B355-8BA4D69DF722}.MinSizeRel|x64.Build.0 = MinSizeRel|x64
		{958D2232-9E3D-3F25-B355-8BA4D69DF722}.RelWithDebInfo|x64.ActiveCfg = RelWithDebInfo|x64
		{958D2232-9E3D-3F25-B355-8BA4D69DF722}.RelWithDebInfo|x64.Build.0 = RelWithDebInfo|x64
		{A0C9060D-D104-3C4D-A1BD-AE352D5C8EA4}.Debug|x64.ActiveCfg = Debug|x64
		{A0C9060D-D104-3C4D-A1BD-AE352D5C8EA4}.Debug|x64.Build.0 = Debug|x64
		{A0C9060D-D104-3C4D-A1BD-AE352D5C8EA4}.Release|x64.ActiveCfg = Release|x64
		{A0C9060D-D104-3C4D-A1BD-AE352D5C8EA4}.Release|x64.Build.0 = Release|x64
		{A0C9060D-D104-3C4D-A1BD-AE352D5C8EA4}.MinSizeRel|x64.ActiveCfg = MinSizeRel|x64
		{A0C9060D-D104-3C4D-A1BD-AE352D5C8EA4}.MinSizeRel|x64.Build.0 = MinSizeRel|x64
		{A0C9060D-D104-3C4D-A1BD-AE352D5C8EA4}.RelWithDebInfo|x64.ActiveCfg = RelWithDebInfo|x64
		{A0C9060D-D104-3C4D-A1BD-AE352D5C8EA4}.RelWithDebInfo|x64.Build.0 = RelWithDebInfo|x64
		{73BB2627-F6A6-3500-8425-B87AD9B98A72}.Debug|x64.ActiveCfg = Debug|x64
		{73BB2627-F6A6-3500-8425-B87AD9B98A72}.Debug|x64.Build.0 = Debug|x64
		{73BB2627-F6A6-3500-8425-B87AD9B98A72}.Release|x64.ActiveCfg = Release|x64
		{73BB2627-F6A6-3500-8425-B87AD9B98A72}.Release|x64.Build.0 = Release|x64
		{73BB2627-F6A6-3500-8425-B87AD9B98A72}.MinSizeRel|x64.ActiveCfg = MinSizeRel|x64
		{73BB2627-F6A6-3500-8425-B87AD9B98A72}.MinSizeRel|x64.Build.0 = MinSizeRel|x64
		{73BB2627-F6A6-3500-8425-B87AD9B98A72}.RelWithDebInfo|x64.ActiveCfg = RelWithDebInfo|x64
		{73BB2627-F6A6-3500-8425-B87AD9B98A72}.RelWithDebInfo|x64.Build.0 = RelWithDebInfo|x64
		{CA08439B-0EC1-3E5A-A838-E5A629B0F050}.Debug|x64.ActiveCfg = Debug|x64
		{CA08439B-0EC1-3E5A-A838-E5A629B0F050}.Debug|x64.Build.0 = Debug|x64
		{CA08439B-0EC1-3E5A-A838-E5A629B0F050}.Release|x64.ActiveCfg = Release|x64
		{CA08439B-0EC1-3E5A-A838-E5A629B0F050}.Release|x64.Build.0 = Release|x64
		{CA08439B-0EC1-3E5A-A838-E5A629B0F050}.MinSizeRel|x64.ActiveCfg = MinSizeRel|x64
		{CA08439B-0EC1-3E5A-A838-E5A629B0F050}.MinSizeRel|x64.Build.0 = MinSizeRel|x64
		{CA08439B-0EC1-3E5A-A838-E5A629B0F050}.RelWithDebInfo|x64.ActiveCfg = RelWithDebInfo|x64
		{CA08439B-0EC1-3E5A-A838-E5A629B0F050}.RelWithDebInfo|x64.Build.0 = RelWithDebInfo|x64
		{069A5A1A-9237-3E59-ADA4-0E63569A3FB1}.Debug|x64.ActiveCfg = Debug|x64
		{069A5A1A-9237-3E59-ADA4-0E63569A3FB1}.Release|x64.ActiveCfg = Release|x64
		{069A5A1A-9237-3E59-ADA4-0E63569A3FB1}.MinSizeRel|x64.ActiveCfg = MinSizeRel|x64
		{069A5A1A-9237-3E59-ADA4-0E63569A3FB1}.RelWithDebInfo|x64.ActiveCfg = RelWithDebInfo|x64
		{200CCA4B-3CD1-3BC8-94BE-81C41E73B92C}.Debug|x64.ActiveCfg = Debug|x64
		{200CCA4B-3CD1-3BC8-94BE-81C41E73B92C}.Release|x64.ActiveCfg = Release|x64
		{200CCA4B-3CD1-3BC8-94BE-81C41E73B92C}.MinSizeRel|x64.ActiveCfg = MinSizeRel|x64
		{200CCA4B-3CD1-3BC8-94BE-81C41E73B92C}.RelWithDebInfo|x64.ActiveCfg = RelWithDebInfo|x64
	EndGlobalSection
	GlobalSection(NestedProjects) = preSolution
		{5602C25C-EFF0-3AFD-8E5F-234DB63C83D0} = {17D810ED-4DF6-3B78-ADFA-45C6090BF5F8}
		{965119AB-8618-33B1-A0A7-678E48C726E0} = {17D810ED-4DF6-3B78-ADFA-45C6090BF5F8}
		{958D2232-9E3D-3F25-B355-8BA4D69DF722} = {17D810ED-4DF6-3B78-ADFA-45C6090BF5F8}
		{73BB2627-F6A6-3500-8425-B87AD9B98A72} = {254FF7D0-29A9-3F01-A825-255CBED3158D}
		{069A5A1A-9237-3E59-ADA4-0E63569A3FB1} = {254FF7D0-29A9-3F01-A825-255CBED3158D}
		{200CCA4B-3CD1-3BC8-94BE-81C41E73B92C} = {254FF7D0-29A9-3F01-A825-255CBED3158D}
	EndGlobalSection
	GlobalSection(ExtensibilityGlobals) = postSolution
		SolutionGuid = {2BA84598-93BE-36AF-B54E-F977CE6BAACC}
	EndGlobalSection
	GlobalSection(ExtensibilityAddIns) = postSolution
	EndGlobalSection
EndGlobal
