<?xml version="1.0" encoding="utf-8"?>
<Project ToolsVersion="17.0" xmlns="http://schemas.microsoft.com/developer/msbuild/2003">
  <ItemGroup>
    <ClCompile Include="C:\Users\ezeki\advanced-computer-graphics-in-game-development\src\main.cpp">
      <Filter>Source Files</Filter>
    </ClCompile>
  </ItemGroup>
  <ItemGroup>
    <CustomBuild Include="C:\Users\ezeki\advanced-computer-graphics-in-game-development\CMakeLists.txt" />
  </ItemGroup>
  <ItemGroup>
    <Filter Include="Source Files">
      <UniqueIdentifier>{A508D4A4-85B6-3A8B-8DD5-76ADA82FBB5E}</UniqueIdentifier>
    </Filter>
  </ItemGroup>
</Project>
